
Microsoft Visual Studio Solution File, Format Version 12.00
# Visual Studio Version 16
VisualStudioVersion = 16.0.29709.97
MinimumVisualStudioVersion = 10.0.40219.1
Project("{9A19103F-16F7-4668-BE54-9A1E7A4F7556}") = "aspjen", "aspjen.csproj", "{320DF633-6662-4FB3-89EA-8AB6E5680CBF}"
EndProject
Project("{FAE04EC0-301F-11D3-BF4B-00C04F79EFBC}") = "NUnitTestProject1", "NUnitTestProject1\NUnitTestProject1.csproj", "{4D571FC6-3593-440E-AED3-00D8BB1CF8F2}"
EndProject
Global
	GlobalSection(SolutionConfigurationPlatforms) = preSolution
		Debug|Any CPU = Debug|Any CPU
		Release|Any CPU = Release|Any CPU
	EndGlobalSection
	GlobalSection(ProjectConfigurationPlatforms) = postSolution
		{320DF633-6662-4FB3-89EA-8AB6E5680CBF}.Debug|Any CPU.ActiveCfg = Debug|Any CPU
		{320DF633-6662-4FB3-89EA-8AB6E5680CBF}.Debug|Any CPU.Build.0 = Debug|Any CPU
		{320DF633-6662-4FB3-89EA-8AB6E5680CBF}.Release|Any CPU.ActiveCfg = Release|Any CPU
		{320DF633-6662-4FB3-89EA-8AB6E5680CBF}.Release|Any CPU.Build.0 = Release|Any CPU
		{4D571FC6-3593-440E-AED3-00D8BB1CF8F2}.Debug|Any CPU.ActiveCfg = Debug|Any CPU
		{4D571FC6-3593-440E-AED3-00D8BB1CF8F2}.Debug|Any CPU.Build.0 = Debug|Any CPU
		{4D571FC6-3593-440E-AED3-00D8BB1CF8F2}.Release|Any CPU.ActiveCfg = Release|Any CPU
		{4D571FC6-3593-440E-AED3-00D8BB1CF8F2}.Release|Any CPU.Build.0 = Release|Any CPU
	EndGlobalSection
	GlobalSection(SolutionProperties) = preSolution
		HideSolutionNode = FALSE
	EndGlobalSection
	GlobalSection(ExtensibilityGlobals) = postSolution
		SolutionGuid = {FD2D4023-357A-466E-B27A-73159128266F}
	EndGlobalSection
EndGlobal
